
Microsoft Visual Studio Solution File, Format Version 12.00
# Visual Studio Version 17
VisualStudioVersion = 17.3.32929.385
MinimumVisualStudioVersion = 10.0.40219.1
Project("{FAE04EC0-301F-11D3-BF4B-00C04F79EFBC}") = "Halloween2", "Halloween2\Halloween2.csproj", "{51D94457-AFE8-4D46-8F15-9896149680F6}"
EndProject
Global
	GlobalSection(SolutionConfigurationPlatforms) = preSolution
		Debug|Any CPU = Debug|Any CPU
		Release|Any CPU = Release|Any CPU
	EndGlobalSection
	GlobalSection(ProjectConfigurationPlatforms) = postSolution
		{51D94457-AFE8-4D46-8F15-9896149680F6}.Debug|Any CPU.ActiveCfg = Debug|Any CPU
		{51D94457-AFE8-4D46-8F15-9896149680F6}.Debug|Any CPU.Build.0 = Debug|Any CPU
		{51D94457-AFE8-4D46-8F15-9896149680F6}.Release|Any CPU.ActiveCfg = Release|Any CPU
		{51D94457-AFE8-4D46-8F15-9896149680F6}.Release|Any CPU.Build.0 = Release|Any CPU
	EndGlobalSection
	GlobalSection(SolutionProperties) = preSolution
		HideSolutionNode = FALSE
	EndGlobalSection
	GlobalSection(ExtensibilityGlobals) = postSolution
		SolutionGuid = {44D88A5D-1C5F-419D-9958-97A855FBCC20}
	EndGlobalSection
EndGlobal
